
Microsoft Visual Studio Solution File, Format Version 12.00
# Visual Studio Version 17
VisualStudioVersion = 17.0.31903.59
MinimumVisualStudioVersion = 10.0.40219.1
Project("{FAE04EC0-301F-11D3-BF4B-00C04F79EFBC}") = "TheChillSpot.Todo.AccountManagement.API", "src\API\TheChillSpot.Todo.AccountManagement.API.csproj", "{A3AF7806-77E9-4536-BEB9-8E112E951E5F}"
EndProject
Project("{FAE04EC0-301F-11D3-BF4B-00C04F79EFBC}") = "TheChillSpot.Todo.AccountManagement.Application", "src\Application\TheChillSpot.Todo.AccountManagement.Application.csproj", "{7BCA8896-91CD-4CE8-B398-657BD243C42D}"
EndProject
Project("{FAE04EC0-301F-11D3-BF4B-00C04F79EFBC}") = "TheChillSpot.AccountManagement.Domain", "src\Domain\TheChillSpot.AccountManagement.Domain.csproj", "{2E8F725C-EA96-4CF5-A6A0-1F834A9D22A5}"
EndProject
Project("{FAE04EC0-301F-11D3-BF4B-00C04F79EFBC}") = "TheChillSpot.Todo.AccountManagement.Infrastructure", "src\Infrastructure\TheChillSpot.Todo.AccountManagement.Infrastructure.csproj", "{17340CF5-E616-4AEE-9186-EE51EB1738C6}"
EndProject
Project("{FAE04EC0-301F-11D3-BF4B-00C04F79EFBC}") = "TheChillSpot.Todo.AccountManagement.Tests", "src\Tests\TheChillSpot.Todo.AccountManagement.Tests.csproj", "{7234CD49-2FB4-407F-9B22-B0D6309C6A25}"
EndProject
Global
	GlobalSection(SolutionConfigurationPlatforms) = preSolution
		Debug|Any CPU = Debug|Any CPU
		Release|Any CPU = Release|Any CPU
	EndGlobalSection
	GlobalSection(SolutionProperties) = preSolution
		HideSolutionNode = FALSE
	EndGlobalSection
	GlobalSection(ProjectConfigurationPlatforms) = postSolution
		{A3AF7806-77E9-4536-BEB9-8E112E951E5F}.Debug|Any CPU.ActiveCfg = Debug|Any CPU
		{A3AF7806-77E9-4536-BEB9-8E112E951E5F}.Debug|Any CPU.Build.0 = Debug|Any CPU
		{A3AF7806-77E9-4536-BEB9-8E112E951E5F}.Release|Any CPU.ActiveCfg = Release|Any CPU
		{A3AF7806-77E9-4536-BEB9-8E112E951E5F}.Release|Any CPU.Build.0 = Release|Any CPU
		{7BCA8896-91CD-4CE8-B398-657BD243C42D}.Debug|Any CPU.ActiveCfg = Debug|Any CPU
		{7BCA8896-91CD-4CE8-B398-657BD243C42D}.Debug|Any CPU.Build.0 = Debug|Any CPU
		{7BCA8896-91CD-4CE8-B398-657BD243C42D}.Release|Any CPU.ActiveCfg = Release|Any CPU
		{7BCA8896-91CD-4CE8-B398-657BD243C42D}.Release|Any CPU.Build.0 = Release|Any CPU
		{2E8F725C-EA96-4CF5-A6A0-1F834A9D22A5}.Debug|Any CPU.ActiveCfg = Debug|Any CPU
		{2E8F725C-EA96-4CF5-A6A0-1F834A9D22A5}.Debug|Any CPU.Build.0 = Debug|Any CPU
		{2E8F725C-EA96-4CF5-A6A0-1F834A9D22A5}.Release|Any CPU.ActiveCfg = Release|Any CPU
		{2E8F725C-EA96-4CF5-A6A0-1F834A9D22A5}.Release|Any CPU.Build.0 = Release|Any CPU
		{17340CF5-E616-4AEE-9186-EE51EB1738C6}.Debug|Any CPU.ActiveCfg = Debug|Any CPU
		{17340CF5-E616-4AEE-9186-EE51EB1738C6}.Debug|Any CPU.Build.0 = Debug|Any CPU
		{17340CF5-E616-4AEE-9186-EE51EB1738C6}.Release|Any CPU.ActiveCfg = Release|Any CPU
		{17340CF5-E616-4AEE-9186-EE51EB1738C6}.Release|Any CPU.Build.0 = Release|Any CPU
		{7234CD49-2FB4-407F-9B22-B0D6309C6A25}.Debug|Any CPU.ActiveCfg = Debug|Any CPU
		{7234CD49-2FB4-407F-9B22-B0D6309C6A25}.Debug|Any CPU.Build.0 = Debug|Any CPU
		{7234CD49-2FB4-407F-9B22-B0D6309C6A25}.Release|Any CPU.ActiveCfg = Release|Any CPU
		{7234CD49-2FB4-407F-9B22-B0D6309C6A25}.Release|Any CPU.Build.0 = Release|Any CPU
	EndGlobalSection
	GlobalSection(NestedProjects) = preSolution
		{A3AF7806-77E9-4536-BEB9-8E112E951E5F} = {FA2516EE-71A1-4D4B-97FD-02B6AF21A53A}
	EndGlobalSection
EndGlobal
